
Microsoft Visual Studio Solution File, Format Version 12.00
# Visual Studio Version 16
VisualStudioVersion = 16.0.31112.23
MinimumVisualStudioVersion = 10.0.40219.1
Project("{FAE04EC0-301F-11D3-BF4B-00C04F79EFBC}") = "LatihanAntrian", "LatihanAntrian.csproj", "{C784C36E-4E35-4DE8-9CB7-0226CF58B474}"
EndProject
Global
	GlobalSection(SolutionConfigurationPlatforms) = preSolution
		Debug|Any CPU = Debug|Any CPU
		Release|Any CPU = Release|Any CPU
	EndGlobalSection
	GlobalSection(ProjectConfigurationPlatforms) = postSolution
		{C784C36E-4E35-4DE8-9CB7-0226CF58B474}.Debug|Any CPU.ActiveCfg = Debug|Any CPU
		{C784C36E-4E35-4DE8-9CB7-0226CF58B474}.Debug|Any CPU.Build.0 = Debug|Any CPU
		{C784C36E-4E35-4DE8-9CB7-0226CF58B474}.Release|Any CPU.ActiveCfg = Release|Any CPU
		{C784C36E-4E35-4DE8-9CB7-0226CF58B474}.Release|Any CPU.Build.0 = Release|Any CPU
	EndGlobalSection
	GlobalSection(SolutionProperties) = preSolution
		HideSolutionNode = FALSE
	EndGlobalSection
	GlobalSection(ExtensibilityGlobals) = postSolution
		SolutionGuid = {6C648CC8-072D-4858-A5AD-A3C84BF35DBC}
	EndGlobalSection
EndGlobal
